
Microsoft Visual Studio Solution File, Format Version 12.00
# Visual Studio Version 17
VisualStudioVersion = 17.5.33516.290
MinimumVisualStudioVersion = 10.0.40219.1
Project("{9A19103F-16F7-4668-BE54-9A1E7A4F7556}") = "Proelium.Server", "Proelium.Server\Proelium.Server.csproj", "{1419DD11-AA94-43A5-B8C1-ECF0849D7C2F}"
EndProject
Project("{9A19103F-16F7-4668-BE54-9A1E7A4F7556}") = "Proelium.Shared", "Proelium.Shared\Proelium.Shared.csproj", "{017B9854-191F-4A59-84A6-E450033352BB}"
EndProject
Project("{9A19103F-16F7-4668-BE54-9A1E7A4F7556}") = "Proelium.Server.Generators", "Proelium.Server.Generators\Proelium.Server.Generators.csproj", "{28B77619-9FBD-4A7E-B864-B644CB47A36B}"
EndProject
Global
	GlobalSection(SolutionConfigurationPlatforms) = preSolution
		Debug|Any CPU = Debug|Any CPU
		Release|Any CPU = Release|Any CPU
	EndGlobalSection
	GlobalSection(ProjectConfigurationPlatforms) = postSolution
		{1419DD11-AA94-43A5-B8C1-ECF0849D7C2F}.Debug|Any CPU.ActiveCfg = Debug|Any CPU
		{1419DD11-AA94-43A5-B8C1-ECF0849D7C2F}.Debug|Any CPU.Build.0 = Debug|Any CPU
		{1419DD11-AA94-43A5-B8C1-ECF0849D7C2F}.Release|Any CPU.ActiveCfg = Release|Any CPU
		{1419DD11-AA94-43A5-B8C1-ECF0849D7C2F}.Release|Any CPU.Build.0 = Release|Any CPU
		{017B9854-191F-4A59-84A6-E450033352BB}.Debug|Any CPU.ActiveCfg = Debug|Any CPU
		{017B9854-191F-4A59-84A6-E450033352BB}.Debug|Any CPU.Build.0 = Debug|Any CPU
		{017B9854-191F-4A59-84A6-E450033352BB}.Release|Any CPU.ActiveCfg = Release|Any CPU
		{017B9854-191F-4A59-84A6-E450033352BB}.Release|Any CPU.Build.0 = Release|Any CPU
		{28B77619-9FBD-4A7E-B864-B644CB47A36B}.Debug|Any CPU.ActiveCfg = Debug|Any CPU
		{28B77619-9FBD-4A7E-B864-B644CB47A36B}.Debug|Any CPU.Build.0 = Debug|Any CPU
		{28B77619-9FBD-4A7E-B864-B644CB47A36B}.Release|Any CPU.ActiveCfg = Release|Any CPU
		{28B77619-9FBD-4A7E-B864-B644CB47A36B}.Release|Any CPU.Build.0 = Release|Any CPU
	EndGlobalSection
	GlobalSection(SolutionProperties) = preSolution
		HideSolutionNode = FALSE
	EndGlobalSection
	GlobalSection(ExtensibilityGlobals) = postSolution
		SolutionGuid = {8294AE79-A5BC-4EBD-A86E-6AFE9A4F4CB0}
	EndGlobalSection
EndGlobal
